
Microsoft Visual Studio Solution File, Format Version 12.00
# Visual Studio Version 17
VisualStudioVersion = 17.5.33627.172
MinimumVisualStudioVersion = 10.0.40219.1
Project("{FAE04EC0-301F-11D3-BF4B-00C04F79EFBC}") = "AljabarLibraries", "AljabarLibraries\AljabarLibraries.csproj", "{5755709D-215A-4E93-BF80-A6867F2F7466}"
EndProject
Project("{FAE04EC0-301F-11D3-BF4B-00C04F79EFBC}") = "mainProgram", "mainProgram\mainProgram.csproj", "{B87C2349-2328-4003-A2DD-0626D33E63E8}"
EndProject
Global
	GlobalSection(SolutionConfigurationPlatforms) = preSolution
		Debug|Any CPU = Debug|Any CPU
		Release|Any CPU = Release|Any CPU
	EndGlobalSection
	GlobalSection(ProjectConfigurationPlatforms) = postSolution
		{5755709D-215A-4E93-BF80-A6867F2F7466}.Debug|Any CPU.ActiveCfg = Debug|Any CPU
		{5755709D-215A-4E93-BF80-A6867F2F7466}.Debug|Any CPU.Build.0 = Debug|Any CPU
		{5755709D-215A-4E93-BF80-A6867F2F7466}.Release|Any CPU.ActiveCfg = Release|Any CPU
		{5755709D-215A-4E93-BF80-A6867F2F7466}.Release|Any CPU.Build.0 = Release|Any CPU
		{B87C2349-2328-4003-A2DD-0626D33E63E8}.Debug|Any CPU.ActiveCfg = Debug|Any CPU
		{B87C2349-2328-4003-A2DD-0626D33E63E8}.Debug|Any CPU.Build.0 = Debug|Any CPU
		{B87C2349-2328-4003-A2DD-0626D33E63E8}.Release|Any CPU.ActiveCfg = Release|Any CPU
		{B87C2349-2328-4003-A2DD-0626D33E63E8}.Release|Any CPU.Build.0 = Release|Any CPU
	EndGlobalSection
	GlobalSection(SolutionProperties) = preSolution
		HideSolutionNode = FALSE
	EndGlobalSection
	GlobalSection(ExtensibilityGlobals) = postSolution
		SolutionGuid = {EBF6B4D4-6BBC-4A93-97E1-5FDF967DC1C9}
	EndGlobalSection
EndGlobal
